Microsoft Visual Studio Solution File, Format Version 12.00
# Visual Studio 14
VisualStudioVersion = 14.0.25420.1
MinimumVisualStudioVersion = 10.0.40219.1
Project("{8BC9CEB8-8B4A-11D0-8D11-00A0C91BC942}") = "OpenCV_raspberry", "OpenCV_raspberry\OpenCV_raspberry.vcxproj", "{40567906-76E6-4B07-A5A5-206C7B1A0119}"
EndProject
Project("{8BC9CEB8-8B4A-11D0-8D11-00A0C91BC942}") = "OpenCVDemo", "OpenCVDemo\OpenCVDemo.vcxproj", "{CC82B48A-601E-431A-A40C-44724DDEE76C}"
EndProject
Project("{8BC9CEB8-8B4A-11D0-8D11-00A0C91BC942}") = "RaspberryCameraTest", "RaspberryCameraTest\RaspberryCameraTest.vcxproj", "{DC6ADD51-4DA8-437F-B16F-C582D53A9B44}"
	ProjectSection(ProjectDependencies) = postProject
		{A03FB604-D0D2-4EE1-AB09-68A83FBBC4C5} = {A03FB604-D0D2-4EE1-AB09-68A83FBBC4C5}
	EndProjectSection
EndProject
Project("{8BC9CEB8-8B4A-11D0-8D11-00A0C91BC942}") = "Raspicam", "Raspicam\Raspicam.vcxproj", "{A03FB604-D0D2-4EE1-AB09-68A83FBBC4C5}"
EndProject
Global
	GlobalSection(SolutionConfigurationPlatforms) = preSolution
		Debug|x64 = Debug|x64
		Debug|x86 = Debug|x86
		Release|x64 = Release|x64
		Release|x86 = Release|x86
	EndGlobalSection
	GlobalSection(ProjectConfigurationPlatforms) = postSolution
		{40567906-76E6-4B07-A5A5-206C7B1A0119}.Debug|x64.ActiveCfg = Debug|Win32
		{40567906-76E6-4B07-A5A5-206C7B1A0119}.Debug|x86.ActiveCfg = Debug|Win32
		{40567906-76E6-4B07-A5A5-206C7B1A0119}.Debug|x86.Build.0 = Debug|Win32
		{40567906-76E6-4B07-A5A5-206C7B1A0119}.Release|x64.ActiveCfg = Release|Win32
		{40567906-76E6-4B07-A5A5-206C7B1A0119}.Release|x86.ActiveCfg = Release|Win32
		{40567906-76E6-4B07-A5A5-206C7B1A0119}.Release|x86.Build.0 = Release|Win32
		{CC82B48A-601E-431A-A40C-44724DDEE76C}.Debug|x64.ActiveCfg = Debug|Win32
		{CC82B48A-601E-431A-A40C-44724DDEE76C}.Debug|x86.ActiveCfg = Debug|Win32
		{CC82B48A-601E-431A-A40C-44724DDEE76C}.Debug|x86.Build.0 = Debug|Win32
		{CC82B48A-601E-431A-A40C-44724DDEE76C}.Release|x64.ActiveCfg = Release|Win32
		{CC82B48A-601E-431A-A40C-44724DDEE76C}.Release|x86.ActiveCfg = Release|Win32
		{CC82B48A-601E-431A-A40C-44724DDEE76C}.Release|x86.Build.0 = Release|Win32
		{DC6ADD51-4DA8-437F-B16F-C582D53A9B44}.Debug|x64.ActiveCfg = Debug|Win32
		{DC6ADD51-4DA8-437F-B16F-C582D53A9B44}.Debug|x86.ActiveCfg = Debug|Win32
		{DC6ADD51-4DA8-437F-B16F-C582D53A9B44}.Debug|x86.Build.0 = Debug|Win32
		{DC6ADD51-4DA8-437F-B16F-C582D53A9B44}.Release|x64.ActiveCfg = Release|Win32
		{DC6ADD51-4DA8-437F-B16F-C582D53A9B44}.Release|x86.ActiveCfg = Release|Win32
		{DC6ADD51-4DA8-437F-B16F-C582D53A9B44}.Release|x86.Build.0 = Release|Win32
		{A03FB604-D0D2-4EE1-AB09-68A83FBBC4C5}.Debug|x64.ActiveCfg = Debug|Win32
		{A03FB604-D0D2-4EE1-AB09-68A83FBBC4C5}.Debug|x86.ActiveCfg = Debug|Win32
		{A03FB604-D0D2-4EE1-AB09-68A83FBBC4C5}.Debug|x86.Build.0 = Debug|Win32
		{A03FB604-D0D2-4EE1-AB09-68A83FBBC4C5}.Release|x64.ActiveCfg = Release|Win32
		{A03FB604-D0D2-4EE1-AB09-68A83FBBC4C5}.Release|x86.ActiveCfg = Release|Win32
		{A03FB604-D0D2-4EE1-AB09-68A83FBBC4C5}.Release|x86.Build.0 = Release|Win32
	EndGlobalSection
	GlobalSection(SolutionProperties) = preSolution
		HideSolutionNode = FALSE
	EndGlobalSection
EndGlobal
